// !$*UTF8*$!
{
	archiveVersion = 1;
	classes = {
	};
	objectVersion = 48;
	objects = {

/* Begin PBXBuildFile section */
		D3A9C841202B01690017FB0D /* AppDelegate.m in Sources */ = {isa = PBXBuildFile; fileRef = D3A9C840202B01690017FB0D /* AppDelegate.m */; };
		D3A9C844202B01690017FB0D /* ViewController.m in Sources */ = {isa = PBXBuildFile; fileRef = D3A9C843202B01690017FB0D /* ViewController.m */; };
		D3A9C847202B01690017FB0D /* Main.storyboard in Resources */ = {isa = PBXBuildFile; fileRef = D3A9C845202B01690017FB0D /* Main.storyboard */; };
		D3A9C849202B01690017FB0D /* Assets.xcassets in Resources */ = {isa = PBXBuildFile; fileRef = D3A9C848202B01690017FB0D /* Assets.xcassets */; };
		D3A9C84C202B01690017FB0D /* LaunchScreen.storyboard in Resources */ = {isa = PBXBuildFile; fileRef = D3A9C84A202B01690017FB0D /* LaunchScreen.storyboard */; };
		D3A9C84F202B01690017FB0D /* main.m in Sources */ = {isa = PBXBuildFile; fileRef = D3A9C84E202B01690017FB0D /* main.m */; };
		D3A9C859202B01690017FB0D /* TTPageControlDemoTests.m in Sources */ = {isa = PBXBuildFile; fileRef = D3A9C858202B01690017FB0D /* TTPageControlDemoTests.m */; };
		D3A9C864202B01690017FB0D /* TTPageControlDemoUITests.m in Sources */ = {isa = PBXBuildFile; fileRef = D3A9C863202B01690017FB0D /* TTPageControlDemoUITests.m */; };
		D3A9C873202B01F10017FB0D /* UIColor+CLExt.m in Sources */ = {isa = PBXBuildFile; fileRef = D3A9C872202B01F10017FB0D /* UIColor+CLExt.m */; };
		D3A9C87E202B020D0017FB0D /* TTPageControlKit.framework in Frameworks */ = {isa = PBXBuildFile; fileRef = D3A9C87A202B01FD0017FB0D /* TTPageControlKit.framework */; };
/* End PBXBuildFile section */

/* Begin PBXContainerItemProxy section */
		D3A9C855202B01690017FB0D /* PBXContainerItemProxy */ = {
			isa = PBXContainerItemProxy;
			containerPortal = D3A9C834202B01690017FB0D /* Project object */;
			proxyType = 1;
			remoteGlobalIDString = D3A9C83B202B01690017FB0D;
			remoteInfo = TTPageControlDemo;
		};
		D3A9C860202B01690017FB0D /* PBXContainerItemProxy */ = {
			isa = PBXContainerItemProxy;
			containerPortal = D3A9C834202B01690017FB0D /* Project object */;
			proxyType = 1;
			remoteGlobalIDString = D3A9C83B202B01690017FB0D;
			remoteInfo = TTPageControlDemo;
		};
		D3A9C879202B01FD0017FB0D /* PBXContainerItemProxy */ = {
			isa = PBXContainerItemProxy;
			containerPortal = D3A9C874202B01FD0017FB0D /* TTPageControlKit.xcodeproj */;
			proxyType = 2;
			remoteGlobalIDString = D34F46122019FEEC00334BDF;
			remoteInfo = TTPageControlKit;
		};
		D3A9C87B202B01FD0017FB0D /* PBXContainerItemProxy */ = {
			isa = PBXContainerItemProxy;
			containerPortal = D3A9C874202B01FD0017FB0D /* TTPageControlKit.xcodeproj */;
			proxyType = 2;
			remoteGlobalIDString = D34F461B2019FEEC00334BDF;
			remoteInfo = TTPageControlKitTests;
		};
/* End PBXContainerItemProxy section */

/* Begin PBXFileReference section */
		D3A9C83C202B01690017FB0D /* TTPageControlDemo.app */ = {isa = PBXFileReference; explicitFileType = wrapper.application; includeInIndex = 0; path = TTPageControlDemo.app; sourceTree = BUILT_PRODUCTS_DIR; };
		D3A9C83F202B01690017FB0D /* AppDelegate.h */ = {isa = PBXFileReference; lastKnownFileType = sourcecode.c.h; path = AppDelegate.h; sourceTree = "<group>"; };
		D3A9C840202B01690017FB0D /* AppDelegate.m */ = {isa = PBXFileReference; lastKnownFileType = sourcecode.c.objc; path = AppDelegate.m; sourceTree = "<group>"; };
		D3A9C842202B01690017FB0D /* ViewController.h */ = {isa = PBXFileReference; lastKnownFileType = sourcecode.c.h; path = ViewController.h; sourceTree = "<group>"; };
		D3A9C843202B01690017FB0D /* ViewController.m */ = {isa = PBXFileReference; lastKnownFileType = sourcecode.c.objc; path = ViewController.m; sourceTree = "<group>"; };
		D3A9C846202B01690017FB0D /* Base */ = {isa = PBXFileReference; lastKnownFileType = file.storyboard; name = Base; path = Base.lproj/Main.storyboard; sourceTree = "<group>"; };
		D3A9C848202B01690017FB0D /* Assets.xcassets */ = {isa = PBXFileReference; lastKnownFileType = folder.assetcatalog; path = Assets.xcassets; sourceTree = "<group>"; };
		D3A9C84B202B01690017FB0D /* Base */ = {isa = PBXFileReference; lastKnownFileType = file.storyboard; name = Base; path = Base.lproj/LaunchScreen.storyboard; sourceTree = "<group>"; };
		D3A9C84D202B01690017FB0D /* Info.plist */ = {isa = PBXFileReference; lastKnownFileType = text.plist.xml; path = Info.plist; sourceTree = "<group>"; };
		D3A9C84E202B01690017FB0D /* main.m */ = {isa = PBXFileReference; lastKnownFileType = sourcecode.c.objc; path = main.m; sourceTree = "<group>"; };
		D3A9C854202B01690017FB0D /* TTPageControlDemoTests.xctest */ = {isa = PBXFileReference; explicitFileType = wrapper.cfbundle; includeInIndex = 0; path = TTPageControlDemoTests.xctest; sourceTree = BUILT_PRODUCTS_DIR; };
		D3A9C858202B01690017FB0D /* TTPageControlDemoTests.m */ = {isa = PBXFileReference; lastKnownFileType = sourcecode.c.objc; path = TTPageControlDemoTests.m; sourceTree = "<group>"; };
		D3A9C85A202B01690017FB0D /* Info.plist */ = {isa = PBXFileReference; lastKnownFileType = text.plist.xml; path = Info.plist; sourceTree = "<group>"; };
		D3A9C85F202B01690017FB0D /* TTPageControlDemoUITests.xctest */ = {isa = PBXFileReference; explicitFileType = wrapper.cfbundle; includeInIndex = 0; path = TTPageControlDemoUITests.xctest; sourceTree = BUILT_PRODUCTS_DIR; };
		D3A9C863202B01690017FB0D /* TTPageControlDemoUITests.m */ = {isa = PBXFileReference; lastKnownFileType = sourcecode.c.objc; path = TTPageControlDemoUITests.m; sourceTree = "<group>"; };
		D3A9C865202B01690017FB0D /* Info.plist */ = {isa = PBXFileReference; lastKnownFileType = text.plist.xml; path = Info.plist; sourceTree = "<group>"; };
		D3A9C871202B01F10017FB0D /* UIColor+CLExt.h */ = {isa = PBXFileReference; fileEncoding = 4; lastKnownFileType = sourcecode.c.h; path = "UIColor+CLExt.h"; sourceTree = "<group>"; };
		D3A9C872202B01F10017FB0D /* UIColor+CLExt.m */ = {isa = PBXFileReference; fileEncoding = 4; lastKnownFileType = sourcecode.c.objc; path = "UIColor+CLExt.m"; sourceTree = "<group>"; };
		D3A9C874202B01FD0017FB0D /* TTPageControlKit.xcodeproj */ = {isa = PBXFileReference; lastKnownFileType = "wrapper.pb-project"; name = TTPageControlKit.xcodeproj; path = ../../TTPageControlKit/TTPageControlKit.xcodeproj; sourceTree = "<group>"; };
/* End PBXFileReference section */

/* Begin PBXFrameworksBuildPhase section */
		D3A9C839202B01690017FB0D /* Frameworks */ = {
			isa = PBXFrameworksBuildPhase;
			buildActionMask = 2147483647;
			files = (
				D3A9C87E202B020D0017FB0D /* TTPageControlKit.framework in Frameworks */,
			);
			runOnlyForDeploymentPostprocessing = 0;
		};
		D3A9C851202B01690017FB0D /* Frameworks */ = {
			isa = PBXFrameworksBuildPhase;
			buildActionMask = 2147483647;
			files = (
			);
			runOnlyForDeploymentPostprocessing = 0;
		};
		D3A9C85C202B01690017FB0D /* Frameworks */ = {
			isa = PBXFrameworksBuildPhase;
			buildActionMask = 2147483647;
			files = (
			);
			runOnlyForDeploymentPostprocessing = 0;
		};
/* End PBXFrameworksBuildPhase section */

/* Begin PBXGroup section */
		D3A9C833202B01690017FB0D = {
			isa = PBXGroup;
			children = (
				D3A9C83E202B01690017FB0D /* TTPageControlDemo */,
				D3A9C857202B01690017FB0D /* TTPageControlDemoTests */,
				D3A9C862202B01690017FB0D /* TTPageControlDemoUITests */,
				D3A9C83D202B01690017FB0D /* Products */,
				D3A9C87D202B020D0017FB0D /* Frameworks */,
			);
			sourceTree = "<group>";
		};
		D3A9C83D202B01690017FB0D /* Products */ = {
			isa = PBXGroup;
			children = (
				D3A9C83C202B01690017FB0D /* TTPageControlDemo.app */,
				D3A9C854202B01690017FB0D /* TTPageControlDemoTests.xctest */,
				D3A9C85F202B01690017FB0D /* TTPageControlDemoUITests.xctest */,
			);
			name = Products;
			sourceTree = "<group>";
		};
		D3A9C83E202B01690017FB0D /* TTPageControlDemo */ = {
			isa = PBXGroup;
			children = (
				D3A9C874202B01FD0017FB0D /* TTPageControlKit.xcodeproj */,
				D3A9C83F202B01690017FB0D /* AppDelegate.h */,
				D3A9C840202B01690017FB0D /* AppDelegate.m */,
				D3A9C842202B01690017FB0D /* ViewController.h */,
				D3A9C843202B01690017FB0D /* ViewController.m */,
				D3A9C871202B01F10017FB0D /* UIColor+CLExt.h */,
				D3A9C872202B01F10017FB0D /* UIColor+CLExt.m */,
				D3A9C845202B01690017FB0D /* Main.storyboard */,
				D3A9C848202B01690017FB0D /* Assets.xcassets */,
				D3A9C84A202B01690017FB0D /* LaunchScreen.storyboard */,
				D3A9C84D202B01690017FB0D /* Info.plist */,
				D3A9C84E202B01690017FB0D /* main.m */,
			);
			path = TTPageControlDemo;
			sourceTree = "<group>";
		};
		D3A9C857202B01690017FB0D /* TTPageControlDemoTests */ = {
			isa = PBXGroup;
			children = (
				D3A9C858202B01690017FB0D /* TTPageControlDemoTests.m */,
				D3A9C85A202B01690017FB0D /* Info.plist */,
			);
			path = TTPageControlDemoTests;
			sourceTree = "<group>";
		};
		D3A9C862202B01690017FB0D /* TTPageControlDemoUITests */ = {
			isa = PBXGroup;
			children = (
				D3A9C863202B01690017FB0D /* TTPageControlDemoUITests.m */,
				D3A9C865202B01690017FB0D /* Info.plist */,
			);
			path = TTPageControlDemoUITests;
			sourceTree = "<group>";
		};
		D3A9C875202B01FD0017FB0D /* Products */ = {
			isa = PBXGroup;
			children = (
				D3A9C87A202B01FD0017FB0D /* TTPageControlKit.framework */,
				D3A9C87C202B01FD0017FB0D /* TTPageControlKitTests.xctest */,
			);
			name = Products;
			sourceTree = "<group>";
		};
		D3A9C87D202B020D0017FB0D /* Frameworks */ = {
			isa = PBXGroup;
			children = (
			);
			name = Frameworks;
			sourceTree = "<group>";
		};
/* End PBXGroup section */

/* Begin PBXNativeTarget section */
		D3A9C83B202B01690017FB0D /* TTPageControlDemo */ = {
			isa = PBXNativeTarget;
			buildConfigurationList = D3A9C868202B01690017FB0D /* Build configuration list for PBXNativeTarget "TTPageControlDemo" */;
			buildPhases = (
				D3A9C838202B01690017FB0D /* Sources */,
				D3A9C839202B01690017FB0D /* Frameworks */,
				D3A9C83A202B01690017FB0D /* Resources */,
			);
			buildRules = (
			);
			dependencies = (
			);
			name = TTPageControlDemo;
			productName = TTPageControlDemo;
			productReference = D3A9C83C202B01690017FB0D /* TTPageControlDemo.app */;
			productType = "com.apple.product-type.application";
		};
		D3A9C853202B01690017FB0D /* TTPageControlDemoTests */ = {
			isa = PBXNativeTarget;
			buildConfigurationList = D3A9C86B202B01690017FB0D /* Build configuration list for PBXNativeTarget "TTPageControlDemoTests" */;
			buildPhases = (
				D3A9C850202B01690017FB0D /* Sources */,
				D3A9C851202B01690017FB0D /* Frameworks */,
				D3A9C852202B01690017FB0D /* Resources */,
			);
			buildRules = (
			);
			dependencies = (
				D3A9C856202B01690017FB0D /* PBXTargetDependency */,
			);
			name = TTPageControlDemoTests;
			productName = TTPageControlDemoTests;
			productReference = D3A9C854202B01690017FB0D /* TTPageControlDemoTests.xctest */;
			productType = "com.apple.product-type.bundle.unit-test";
		};
		D3A9C85E202B01690017FB0D /* TTPageControlDemoUITests */ = {
			isa = PBXNativeTarget;
			buildConfigurationList = D3A9C86E202B01690017FB0D /* Build configuration list for PBXNativeTarget "TTPageControlDemoUITests" */;
			buildPhases = (
				D3A9C85B202B01690017FB0D /* Sources */,
				D3A9C85C202B01690017FB0D /* Frameworks */,
				D3A9C85D202B01690017FB0D /* Resources */,
			);
			buildRules = (
			);
			dependencies = (
				D3A9C861202B01690017FB0D /* PBXTargetDependency */,
			);
			name = TTPageControlDemoUITests;
			productName = TTPageControlDemoUITests;
			productReference = D3A9C85F202B01690017FB0D /* TTPageControlDemoUITests.xctest */;
			productType = "com.apple.product-type.bundle.ui-testing";
		};
/* End PBXNativeTarget section */

/* Begin PBXProject section */
		D3A9C834202B01690017FB0D /* Project object */ = {
			isa = PBXProject;
			attributes = {
				LastUpgradeCheck = 0910;
				ORGANIZATIONNAME = ClaudeLi;
				TargetAttributes = {
					D3A9C83B202B01690017FB0D = {
						CreatedOnToolsVersion = 9.1;
						ProvisioningStyle = Automatic;
					};
					D3A9C853202B01690017FB0D = {
						CreatedOnToolsVersion = 9.1;
						ProvisioningStyle = Automatic;
						TestTargetID = D3A9C83B202B01690017FB0D;
					};
					D3A9C85E202B01690017FB0D = {
						CreatedOnToolsVersion = 9.1;
						ProvisioningStyle = Automatic;
						TestTargetID = D3A9C83B202B01690017FB0D;
					};
				};
			};
			buildConfigurationList = D3A9C837202B01690017FB0D /* Build configuration list for PBXProject "TTPageControlDemo" */;
			compatibilityVersion = "Xcode 8.0";
			developmentRegion = en;
			hasScannedForEncodings = 0;
			knownRegions = (
				en,
				Base,
			);
			mainGroup = D3A9C833202B01690017FB0D;
			productRefGroup = D3A9C83D202B01690017FB0D /* Products */;
			projectDirPath = "";
			projectReferences = (
				{
					ProductGroup = D3A9C875202B01FD0017FB0D /* Products */;
					ProjectRef = D3A9C874202B01FD0017FB0D /* TTPageControlKit.xcodeproj */;
				},
			);
			projectRoot = "";
			targets = (
				D3A9C83B202B01690017FB0D /* TTPageControlDemo */,
				D3A9C853202B01690017FB0D /* TTPageControlDemoTests */,
				D3A9C85E202B01690017FB0D /* TTPageControlDemoUITests */,
			);
		};
/* End PBXProject section */

/* Begin PBXReferenceProxy section */
		D3A9C87A202B01FD0017FB0D /* TTPageControlKit.framework */ = {
			isa = PBXReferenceProxy;
			fileType = wrapper.framework;
			path = TTPageControlKit.framework;
			remoteRef = D3A9C879202B01FD0017FB0D /* PBXContainerItemProxy */;
			sourceTree = BUILT_PRODUCTS_DIR;
		};
		D3A9C87C202B01FD0017FB0D /* TTPageControlKitTests.xctest */ = {
			isa = PBXReferenceProxy;
			fileType = wrapper.cfbundle;
			path = TTPageControlKitTests.xctest;
			remoteRef = D3A9C87B202B01FD0017FB0D /* PBXContainerItemProxy */;
			sourceTree = BUILT_PRODUCTS_DIR;
		};
/* End PBXReferenceProxy section */

/* Begin PBXResourcesBuildPhase section */
		D3A9C83A202B01690017FB0D /* Resources */ = {
			isa = PBXResourcesBuildPhase;
			buildActionMask = 2147483647;
			files = (
				D3A9C84C202B01690017FB0D /* LaunchScreen.storyboard in Resources */,
				D3A9C849202B01690017FB0D /* Assets.xcassets in Resources */,
				D3A9C847202B01690017FB0D /* Main.storyboard in Resources */,
			);
			runOnlyForDeploymentPostprocessing = 0;
		};
		D3A9C852202B01690017FB0D /* Resources */ = {
			isa = PBXResourcesBuildPhase;
			buildActionMask = 2147483647;
			files = (
			);
			runOnlyForDeploymentPostprocessing = 0;
		};
		D3A9C85D202B01690017FB0D /* Resources */ = {
			isa = PBXResourcesBuildPhase;
			buildActionMask = 2147483647;
			files = (
			);
			runOnlyForDeploymentPostprocessing = 0;
		};
/* End PBXResourcesBuildPhase section */

/* Begin PBXSourcesBuildPhase section */
		D3A9C838202B01690017FB0D /* Sources */ = {
			isa = PBXSourcesBuildPhase;
			buildActionMask = 2147483647;
			files = (
				D3A9C844202B01690017FB0D /* ViewController.m in Sources */,
				D3A9C84F202B01690017FB0D /* main.m in Sources */,
				D3A9C873202B01F10017FB0D /* UIColor+CLExt.m in Sources */,
				D3A9C841202B01690017FB0D /* AppDelegate.m in Sources */,
			);
			runOnlyForDeploymentPostprocessing = 0;
		};
		D3A9C850202B01690017FB0D /* Sources */ = {
			isa = PBXSourcesBuildPhase;
			buildActionMask = 2147483647;
			files = (
				D3A9C859202B01690017FB0D /* TTPageControlDemoTests.m in Sources */,
			);
			runOnlyForDeploymentPostprocessing = 0;
		};
		D3A9C85B202B01690017FB0D /* Sources */ = {
			isa = PBXSourcesBuildPhase;
			buildActionMask = 2147483647;
			files = (
				D3A9C864202B01690017FB0D /* TTPageControlDemoUITests.m in Sources */,
			);
			runOnlyForDeploymentPostprocessing = 0;
		};
/* End PBXSourcesBuildPhase section */

/* Begin PBXTargetDependency section */
		D3A9C856202B01690017FB0D /* PBXTargetDependency */ = {
			isa = PBXTargetDependency;
			target = D3A9C83B202B01690017FB0D /* TTPageControlDemo */;
			targetProxy = D3A9C855202B01690017FB0D /* PBXContainerItemProxy */;
		};
		D3A9C861202B01690017FB0D /* PBXTargetDependency */ = {
			isa = PBXTargetDependency;
			target = D3A9C83B202B01690017FB0D /* TTPageControlDemo */;
			targetProxy = D3A9C860202B01690017FB0D /* PBXContainerItemProxy */;
		};
/* End PBXTargetDependency section */

/* Begin PBXVariantGroup section */
		D3A9C845202B01690017FB0D /* Main.storyboard */ = {
			isa = PBXVariantGroup;
			children = (
				D3A9C846202B01690017FB0D /* Base */,
			);
			name = Main.storyboard;
			sourceTree = "<group>";
		};
		D3A9C84A202B01690017FB0D /* LaunchScreen.storyboard */ = {
			isa = PBXVariantGroup;
			children = (
				D3A9C84B202B01690017FB0D /* Base */,
			);
			name = LaunchScreen.storyboard;
			sourceTree = "<group>";
		};
/* End PBXVariantGroup section */

/* Begin XCBuildConfiguration section */
		D3A9C866202B01690017FB0D /* Debug */ = {
			isa = XCBuildConfiguration;
			buildSettings = {
				ALWAYS_SEARCH_USER_PATHS = NO;
				CLANG_ANALYZER_NONNULL = YES;
				CLANG_ANALYZER_NUMBER_OBJECT_CONVERSION = YES_AGGRESSIVE;
				CLANG_CXX_LANGUAGE_STANDARD = "gnu++14";
				CLANG_CXX_LIBRARY = "libc++";
				CLANG_ENABLE_MODULES = YES;
				CLANG_ENABLE_OBJC_ARC = YES;
				CLANG_WARN_BLOCK_CAPTURE_AUTORELEASING = YES;
				CLANG_WARN_BOOL_CONVERSION = YES;
				CLANG_WARN_COMMA = YES;
				CLANG_WARN_CONSTANT_CONVERSION = YES;
				CLANG_WARN_DIRECT_OBJC_ISA_USAGE = YES_ERROR;
				CLANG_WARN_DOCUMENTATION_COMMENTS = YES;
				CLANG_WARN_EMPTY_BODY = YES;
				CLANG_WARN_ENUM_CONVERSION = YES;
				CLANG_WARN_INFINITE_RECURSION = YES;
				CLANG_WARN_INT_CONVERSION = YES;
				CLANG_WARN_NON_LITERAL_NULL_CONVERSION = YES;
				CLANG_WARN_OBJC_LITERAL_CONVERSION = YES;
				CLANG_WARN_OBJC_ROOT_CLASS = YES_ERROR;
				CLANG_WARN_RANGE_LOOP_ANALYSIS = YES;
				CLANG_WARN_STRICT_PROTOTYPES = YES;
				CLANG_WARN_SUSPICIOUS_MOVE = YES;
				CLANG_WARN_UNGUARDED_AVAILABILITY = YES_AGGRESSIVE;
				CLANG_WARN_UNREACHABLE_CODE = YES;
				CLANG_WARN__DUPLICATE_METHOD_MATCH = YES;
				CODE_SIGN_IDENTITY = "iPhone Developer";
				COPY_PHASE_STRIP = NO;
				DEBUG_INFORMATION_FORMAT = dwarf;
				ENABLE_STRICT_OBJC_MSGSEND = YES;
				ENABLE_TESTABILITY = YES;
				GCC_C_LANGUAGE_STANDARD = gnu11;
				GCC_DYNAMIC_NO_PIC = NO;
				GCC_NO_COMMON_BLOCKS = YES;
				GCC_OPTIMIZATION_LEVEL = 0;
				GCC_PREPROCESSOR_DEFINITIONS = (
					"DEBUG=1",
					"$(inherited)",
				);
				GCC_WARN_64_TO_32_BIT_CONVERSION = YES;
				GCC_WARN_ABOUT_RETURN_TYPE = YES_ERROR;
				GCC_WARN_UNDECLARED_SELECTOR = YES;
				GCC_WARN_UNINITIALIZED_AUTOS = YES_AGGRESSIVE;
				GCC_WARN_UNUSED_FUNCTION = YES;
				GCC_WARN_UNUSED_VARIABLE = YES;
				IPHONEOS_DEPLOYMENT_TARGET = 8.0;
				MTL_ENABLE_DEBUG_INFO = YES;
				ONLY_ACTIVE_ARCH = YES;
				SDKROOT = iphoneos;
			};
			name = Debug;
		};
		D3A9C867202B01690017FB0D /* Release */ = {
			isa = XCBuildConfiguration;
			buildSettings = {
				ALWAYS_SEARCH_USER_PATHS = NO;
				CLANG_ANALYZER_NONNULL = YES;
				CLANG_ANALYZER_NUMBER_OBJECT_CONVERSION = YES_AGGRESSIVE;
				CLANG_CXX_LANGUAGE_STANDARD = "gnu++14";
				CLANG_CXX_LIBRARY = "libc++";
				CLANG_ENABLE_MODULES = YES;
				CLANG_ENABLE_OBJC_ARC = YES;
				CLANG_WARN_BLOCK_CAPTURE_AUTORELEASING = YES;
				CLANG_WARN_BOOL_CONVERSION = YES;
				CLANG_WARN_COMMA = YES;
				CLANG_WARN_CONSTANT_CONVERSION = YES;
				CLANG_WARN_DIRECT_OBJC_ISA_USAGE = YES_ERROR;
				CLANG_WARN_DOCUMENTATION_COMMENTS = YES;
				CLANG_WARN_EMPTY_BODY = YES;
				CLANG_WARN_ENUM_CONVERSION = YES;
				CLANG_WARN_INFINITE_RECURSION = YES;
				CLANG_WARN_INT_CONVERSION = YES;
				CLANG_WARN_NON_LITERAL_NULL_CONVERSION = YES;
				CLANG_WARN_OBJC_LITERAL_CONVERSION = YES;
				CLANG_WARN_OBJC_ROOT_CLASS = YES_ERROR;
				CLANG_WARN_RANGE_LOOP_ANALYSIS = YES;
				CLANG_WARN_STRICT_PROTOTYPES = YES;
				CLANG_WARN_SUSPICIOUS_MOVE = YES;
				CLANG_WARN_UNGUARDED_AVAILABILITY = YES_AGGRESSIVE;
				CLANG_WARN_UNREACHABLE_CODE = YES;
				CLANG_WARN__DUPLICATE_METHOD_MATCH = YES;
				CODE_SIGN_IDENTITY = "iPhone Developer";
				COPY_PHASE_STRIP = NO;
				DEBUG_INFORMATION_FORMAT = "dwarf-with-dsym";
				ENABLE_NS_ASSERTIONS = NO;
				ENABLE_STRICT_OBJC_MSGSEND = YES;
				GCC_C_LANGUAGE_STANDARD = gnu11;
				GCC_NO_COMMON_BLOCKS = YES;
				GCC_WARN_64_TO_32_BIT_CONVERSION = YES;
				GCC_WARN_ABOUT_RETURN_TYPE = YES_ERROR;
				GCC_WARN_UNDECLARED_SELECTOR = YES;
				GCC_WARN_UNINITIALIZED_AUTOS = YES_AGGRESSIVE;
				GCC_WARN_UNUSED_FUNCTION = YES;
				GCC_WARN_UNUSED_VARIABLE = YES;
				IPHONEOS_DEPLOYMENT_TARGET = 8.0;
				MTL_ENABLE_DEBUG_INFO = NO;
				SDKROOT = iphoneos;
				VALIDATE_PRODUCT = YES;
			};
			name = Release;
		};
		D3A9C869202B01690017FB0D /* Debug */ = {
			isa = XCBuildConfiguration;
			buildSettings = {
				ASSETCATALOG_COMPILER_APPICON_NAME = AppIcon;
				CODE_SIGN_STYLE = Automatic;
				INFOPLIST_FILE = TTPageControlDemo/Info.plist;
				LD_RUNPATH_SEARCH_PATHS = "$(inherited) @executable_path/Frameworks";
				PRODUCT_BUNDLE_IDENTIFIER = com.claudeli.TTPageControlDemo;
				PRODUCT_NAME = "$(TARGET_NAME)";
				TARGETED_DEVICE_FAMILY = "1,2";
			};
			name = Debug;
		};
		D3A9C86A202B01690017FB0D /* Release */ = {
			isa = XCBuildConfiguration;
			buildSettings = {
				ASSETCATALOG_COMPILER_APPICON_NAME = AppIcon;
				CODE_SIGN_STYLE = Automatic;
				INFOPLIST_FILE = TTPageControlDemo/Info.plist;
				LD_RUNPATH_SEARCH_PATHS = "$(inherited) @executable_path/Frameworks";
				PRODUCT_BUNDLE_IDENTIFIER = com.claudeli.TTPageControlDemo;
				PRODUCT_NAME = "$(TARGET_NAME)";
				TARGETED_DEVICE_FAMILY = "1,2";
			};
			name = Release;
		};
		D3A9C86C202B01690017FB0D /* Debug */ = {
			isa = XCBuildConfiguration;
			buildSettings = {
				BUNDLE_LOADER = "$(TEST_HOST)";
				CODE_SIGN_STYLE = Automatic;
				INFOPLIST_FILE = TTPageControlDemoTests/Info.plist;
				LD_RUNPATH_SEARCH_PATHS = "$(inherited) @executable_path/Frameworks @loader_path/Frameworks";
				PRODUCT_BUNDLE_IDENTIFIER = com.claudeli.TTPageControlDemoTests;
				PRODUCT_NAME = "$(TARGET_NAME)";
				TARGETED_DEVICE_FAMILY = "1,2";
				TEST_HOST = "$(BUILT_PRODUCTS_DIR)/TTPageControlDemo.app/TTPageControlDemo";
			};
			name = Debug;
		};
		D3A9C86D202B01690017FB0D /* Release */ = {
			isa = XCBuildConfiguration;
			buildSettings = {
				BUNDLE_LOADER = "$(TEST_HOST)";
				CODE_SIGN_STYLE = Automatic;
				INFOPLIST_FILE = TTPageControlDemoTests/Info.plist;
				LD_RUNPATH_SEARCH_PATHS = "$(inherited) @executable_path/Frameworks @loader_path/Frameworks";
				PRODUCT_BUNDLE_IDENTIFIER = com.claudeli.TTPageControlDemoTests;
				PRODUCT_NAME = "$(TARGET_NAME)";
				TARGETED_DEVICE_FAMILY = "1,2";
				TEST_HOST = "$(BUILT_PRODUCTS_DIR)/TTPageControlDemo.app/TTPageControlDemo";
			};
			name = Release;
		};
		D3A9C86F202B01690017FB0D /* Debug */ = {
			isa = XCBuildConfiguration;
			buildSettings = {
				CODE_SIGN_STYLE = Automatic;
				INFOPLIST_FILE = TTPageControlDemoUITests/Info.plist;
				LD_RUNPATH_SEARCH_PATHS = "$(inherited) @executable_path/Frameworks @loader_path/Frameworks";
				PRODUCT_BUNDLE_IDENTIFIER = com.claudeli.TTPageControlDemoUITests;
				PRODUCT_NAME = "$(TARGET_NAME)";
				TARGETED_DEVICE_FAMILY = "1,2";
				TEST_TARGET_NAME = TTPageControlDemo;
			};
			name = Debug;
		};
		D3A9C870202B01690017FB0D /* Release */ = {
			isa = XCBuildConfiguration;
			buildSettings = {
				CODE_SIGN_STYLE = Automatic;
				INFOPLIST_FILE = TTPageControlDemoUITests/Info.plist;
				LD_RUNPATH_SEARCH_PATHS = "$(inherited) @executable_path/Frameworks @loader_path/Frameworks";
				PRODUCT_BUNDLE_IDENTIFIER = com.claudeli.TTPageControlDemoUITests;
				PRODUCT_NAME = "$(TARGET_NAME)";
				TARGETED_DEVICE_FAMILY = "1,2";
				TEST_TARGET_NAME = TTPageControlDemo;
			};
			name = Release;
		};
/* End XCBuildConfiguration section */

/* Begin XCConfigurationList section */
		D3A9C837202B01690017FB0D /* Build configuration list for PBXProject "TTPageControlDemo" */ = {
			isa = XCConfigurationList;
			buildConfigurations = (
				D3A9C866202B01690017FB0D /* Debug */,
				D3A9C867202B01690017FB0D /* Release */,
			);
			defaultConfigurationIsVisible = 0;
			defaultConfigurationName = Release;
		};
		D3A9C868202B01690017FB0D /* Build configuration list for PBXNativeTarget "TTPageControlDemo" */ = {
			isa = XCConfigurationList;
			buildConfigurations = (
				D3A9C869202B01690017FB0D /* Debug */,
				D3A9C86A202B01690017FB0D /* Release */,
			);
			defaultConfigurationIsVisible = 0;
			defaultConfigurationName = Release;
		};
		D3A9C86B202B01690017FB0D /* Build configuration list for PBXNativeTarget "TTPageControlDemoTests" */ = {
			isa = XCConfigurationList;
			buildConfigurations = (
				D3A9C86C202B01690017FB0D /* Debug */,
				D3A9C86D202B01690017FB0D /* Release */,
			);
			defaultConfigurationIsVisible = 0;
			defaultConfigurationName = Release;
		};
		D3A9C86E202B01690017FB0D /* Build configuration list for PBXNativeTarget "TTPageControlDemoUITests" */ = {
			isa = XCConfigurationList;
			buildConfigurations = (
				D3A9C86F202B01690017FB0D /* Debug */,
				D3A9C870202B01690017FB0D /* Release */,
			);
			defaultConfigurationIsVisible = 0;
			defaultConfigurationName = Release;
		};
/* End XCConfigurationList section */
	};
	rootObject = D3A9C834202B01690017FB0D /* Project object */;
}
